
Microsoft Visual Studio Solution File, Format Version 12.00
# Visual Studio 15
VisualStudioVersion = 15.0.28307.271
MinimumVisualStudioVersion = 10.0.40219.1
Project("{FAE04EC0-301F-11D3-BF4B-00C04F79EFBC}") = "StudentAssignment", "StudentAssignment\StudentAssignment.csproj", "{99429AF5-0E13-48EE-AFA4-2999F2FF365E}"
EndProject
Global
	GlobalSection(SolutionConfigurationPlatforms) = preSolution
		Debug|Any CPU = Debug|Any CPU
		Release|Any CPU = Release|Any CPU
	EndGlobalSection
	GlobalSection(ProjectConfigurationPlatforms) = postSolution
		{99429AF5-0E13-48EE-AFA4-2999F2FF365E}.Debug|Any CPU.ActiveCfg = Debug|Any CPU
		{99429AF5-0E13-48EE-AFA4-2999F2FF365E}.Debug|Any CPU.Build.0 = Debug|Any CPU
		{99429AF5-0E13-48EE-AFA4-2999F2FF365E}.Release|Any CPU.ActiveCfg = Release|Any CPU
		{99429AF5-0E13-48EE-AFA4-2999F2FF365E}.Release|Any CPU.Build.0 = Release|Any CPU
	EndGlobalSection
	GlobalSection(SolutionProperties) = preSolution
		HideSolutionNode = FALSE
	EndGlobalSection
	GlobalSection(ExtensibilityGlobals) = postSolution
		SolutionGuid = {97DE471B-43A4-4D93-9CFC-AEF6F10408DA}
	EndGlobalSection
EndGlobal
